github.com/eatmoreapple/openwechat v1.4.4 h1:rAH3jy+Gn8TsN1yi5jBV2bKvbDC87XOpss+GXx6Ci0A=
github.com/eatmoreapple/openwechat v1.4.4/go.mod h1:h4m2N8m0XsUKlm7UR8BUGkV89GNuKHCnlGV3J8n9Mpw=
github.com/eatmoreapple/openwechat v1.4.9 h1:YFPd6EOrJVyZZWVzsdBL6WflB7TwqY318NBNoPxRrGQ=
github.com/eatmoreapple/openwechat v1.4.9/go.mod h1:h4m2N8m0XsUKlm7UR8BUGkV89GNuKHCnlGV3J8n9Mpw=
